# THIS IS AN AUTOGENERATED FILE. DO NOT EDIT THIS FILE DIRECTLY.
# yarn lockfile v1


"@types/fs-extra@^9.0.13":
  version "9.0.13"
  resolved "https://mirrors.tencent.com/npm/@types/fs-extra/-/fs-extra-9.0.13.tgz"
  integrity sha512-nEnwB++1u5lVDM2UI4c1+5R+FYaKfaAzS4OococimjVm3nQw3TuzH5UNsocrcTBbhnerblyHj4A49qXbIiZdpA==
  dependencies:
    "@types/node" "*"

"@types/node@*":
  version "18.11.14"
  resolved "https://mirrors.tencent.com/npm/@types/node/-/node-18.11.14.tgz"
  integrity sha512-0KXV57tENYmmJMl+FekeW9V3O/rlcqGQQJ/hNh9r8pKIj304pskWuEd8fCyNT86g/TpO0gcOTiLzsHLEURFMIQ==

async@^1.4.2:
  version "1.5.2"
  resolved "https://mirrors.tencent.com/npm/async/-/async-1.5.2.tgz"
  integrity sha512-nSVgobk4rv61R9PUSDtYt7mPVB2olxNR5RWJcAsH676/ef11bUZwvu7+RGYrYauVdDPcO519v68wRhXQtxsV9w==

fs-extra@^11.1.0:
  version "11.1.0"
  resolved "https://mirrors.tencent.com/npm/fs-extra/-/fs-extra-11.1.0.tgz"
  integrity sha512-0rcTq621PD5jM/e0a3EJoGC/1TC5ZBCERW82LQuwfGnCa1V8w7dpYH1yNu+SLb6E5dkeCBzKEyLGlFrnr+dUyw==
  dependencies:
    graceful-fs "^4.2.0"
    jsonfile "^6.0.1"
    universalify "^2.0.0"

graceful-fs@^4.1.3, graceful-fs@^4.1.6, graceful-fs@^4.2.0:
  version "4.2.10"
  resolved "https://mirrors.tencent.com/npm/graceful-fs/-/graceful-fs-4.2.10.tgz"
  integrity sha512-9ByhssR2fPVsNZj478qUUbKfmL0+t5BDVyjShtyZZLiK7ZDAArFFfopyOTj0M05wE2tJPisA4iTnnXl2YoPvOA==

jsonfile@^6.0.1:
  version "6.1.0"
  resolved "https://mirrors.tencent.com/npm/jsonfile/-/jsonfile-6.1.0.tgz"
  integrity sha512-5dgndWOriYSm5cnYaJNhalLNDKOqFwyDB/rr1E9ZsGciGvKPs8R2xYGCacuf3z6K1YKDz182fd+fY3cn3pMqXQ==
  dependencies:
    universalify "^2.0.0"
  optionalDependencies:
    graceful-fs "^4.1.6"

jszip@^2.6.1:
  version "2.7.0"
  resolved "https://mirrors.tencent.com/npm/jszip/-/jszip-2.7.0.tgz"
  integrity sha512-JIsRKRVC3gTRo2vM4Wy9WBC3TRcfnIZU8k65Phi3izkvPH975FowRYtKGT6PxevA0XnJ/yO8b0QwV0ydVyQwfw==
  dependencies:
    pako "~1.0.2"

node-cmd@^5.0.0:
  version "5.0.0"
  resolved "https://mirrors.tencent.com/npm/node-cmd/-/node-cmd-5.0.0.tgz"
  integrity sha512-4sQTJmsS5uZKAPz/Df9fnIbmvOySfGdW+UreH4X5NcAOOpKjaE+K5wf4ehNBbZVPo0vQ36RkRnhhsXXJAT+Syw==

pako@~1.0.2:
  version "1.0.11"
  resolved "https://mirrors.tencent.com/npm/pako/-/pako-1.0.11.tgz"
  integrity sha512-4hLB8Py4zZce5s4yd9XzopqwVv/yGNhV1Bl8NTmCq1763HeK2+EwVTv+leGeL13Dnh2wfbqowVPXCIO0z4taYw==

q@^1.4.1:
  version "1.5.1"
  resolved "https://mirrors.tencent.com/npm/q/-/q-1.5.1.tgz"
  integrity sha512-kV/CThkXo6xyFEZUugw/+pIOywXcDbFYgSct5cT3gqlbkBE1SJdwy6UQoZvodiWF/ckQLZyDE/Bu1M6gVu5lVw==

universalify@^2.0.0:
  version "2.0.0"
  resolved "https://mirrors.tencent.com/npm/universalify/-/universalify-2.0.0.tgz"
  integrity sha512-hAZsKq7Yy11Zu1DE0OzWjw7nnLZmJZYTDZZyEFHZdUhV8FkH5MCfoU1XMaxXovpyW5nq5scPqq0ZDP9Zyl04oQ==

zip-local@^0.3.5:
  version "0.3.5"
  resolved "https://mirrors.tencent.com/npm/zip-local/-/zip-local-0.3.5.tgz"
  integrity sha512-GRV3D5TJY+/PqyeRm5CYBs7xVrKTKzljBoEXvocZu0HJ7tPEcgpSOYa2zFIsCZWgKWMuc4U3yMFgFkERGFIB9w==
  dependencies:
    async "^1.4.2"
    graceful-fs "^4.1.3"
    jszip "^2.6.1"
    q "^1.4.1"
